
Microsoft Visual Studio Solution File, Format Version 12.00
# Visual Studio Version 16
VisualStudioVersion = 16.0.30907.101
MinimumVisualStudioVersion = 10.0.40219.1
Project("{FAE04EC0-301F-11D3-BF4B-00C04F79EFBC}") = "WpfAppISRPO5zad", "WpfAppISRPO5zad\WpfAppISRPO5zad.csproj", "{CC4CEE1D-4238-4400-9D43-1CE337A512DF}"
EndProject
Global
	GlobalSection(SolutionConfigurationPlatforms) = preSolution
		Debug|Any CPU = Debug|Any CPU
		Release|Any CPU = Release|Any CPU
	EndGlobalSection
	GlobalSection(ProjectConfigurationPlatforms) = postSolution
		{CC4CEE1D-4238-4400-9D43-1CE337A512DF}.Debug|Any CPU.ActiveCfg = Debug|Any CPU
		{CC4CEE1D-4238-4400-9D43-1CE337A512DF}.Debug|Any CPU.Build.0 = Debug|Any CPU
		{CC4CEE1D-4238-4400-9D43-1CE337A512DF}.Release|Any CPU.ActiveCfg = Release|Any CPU
		{CC4CEE1D-4238-4400-9D43-1CE337A512DF}.Release|Any CPU.Build.0 = Release|Any CPU
	EndGlobalSection
	GlobalSection(SolutionProperties) = preSolution
		HideSolutionNode = FALSE
	EndGlobalSection
	GlobalSection(ExtensibilityGlobals) = postSolution
		SolutionGuid = {9ABB5F5E-17B1-4437-A740-1D514992FA09}
	EndGlobalSection
EndGlobal
